<?xml version="1.0" encoding="utf-8"?>
<Project ToolsVersion="4.0" xmlns="http://schemas.microsoft.com/developer/msbuild/2003">
  <ItemGroup>
    <Filter Include="Fichiers sources">
      <UniqueIdentifier>{4FC737F1-C7A5-4376-A066-2A32D752A2FF}</UniqueIdentifier>
      <Extensions>cpp;c;cc;cxx;c++;cppm;ixx;def;odl;idl;hpj;bat;asm;asmx</Extensions>
    </Filter>
    <Filter Include="Fichiers d%27en-tête">
      <UniqueIdentifier>{93995380-89BD-4b04-88EB-625FBE52EBFB}</UniqueIdentifier>
      <Extensions>h;hh;hpp;hxx;h++;hm;inl;inc;ipp;xsd</Extensions>
    </Filter>
    <Filter Include="Fichiers de ressources">
      <UniqueIdentifier>{67DA6AB6-F800-4c08-8B7A-83BB121AAD01}</UniqueIdentifier>
      <Extensions>rc;ico;cur;bmp;dlg;rc2;rct;bin;rgs;gif;jpg;jpeg;jpe;resx;tiff;tif;png;wav;mfcribbon-ms</Extensions>
    </Filter>
    <Filter Include="Fichiers de ressources\Shaders">
      <UniqueIdentifier>{476f056c-a07f-4b8b-b35b-b3cb491c1bb5}</UniqueIdentifier>
    </Filter>
    <Filter Include="Fichiers de ressources\Textures">
      <UniqueIdentifier>{49d32a08-8068-473b-afca-ccca6e4cab79}</UniqueIdentifier>
    </Filter>
    <Filter Include="Fichiers de ressources\Textures\skybox">
      <UniqueIdentifier>{3942b15b-4e3c-4bc4-a3f6-c782cad1158b}</UniqueIdentifier>
    </Filter>
    <Filter Include="Fichiers de ressources\Textures\skybox\jour">
      <UniqueIdentifier>{42e99365-a7eb-4228-9dd5-a61fff57e019}</UniqueIdentifier>
    </Filter>
    <Filter Include="Fichiers de ressources\Textures\skybox\nuit">
      <UniqueIdentifier>{e437e91e-a7d9-478e-8a1e-c0766ab0f069}</UniqueIdentifier>
    </Filter>
    <Filter Include="Fichiers de ressources\Textures\terrain">
      <UniqueIdentifier>{c9d24384-0d79-4231-8ae6-950eb15f54ef}</UniqueIdentifier>
    </Filter>
    <Filter Include="Fichiers sources\external">
      <UniqueIdentifier>{e538991f-edcf-4f6c-bd84-1455de0ebbf6}</UniqueIdentifier>
    </Filter>
    <Filter Include="Fichiers sources\external\imgui">
      <UniqueIdentifier>{546ba8ce-086e-4ab8-95d5-a7260039fbb1}</UniqueIdentifier>
    </Filter>
  </ItemGroup>
  <ItemGroup>
    <ClCompile Include="src\BoundingBox.cpp">
      <Filter>Fichiers sources</Filter>
    </ClCompile>
    <ClCompile Include="src\Camera.cpp">
      <Filter>Fichiers sources</Filter>
    </ClCompile>
    <ClCompile Include="src\Car.cpp">
      <Filter>Fichiers sources</Filter>
    </ClCompile>
    <ClCompile Include="src\EBO.cpp">
      <Filter>Fichiers sources</Filter>
    </ClCompile>
    <ClCompile Include="src\Frustum.cpp">
      <Filter>Fichiers sources</Filter>
    </ClCompile>
    <ClCompile Include="src\Gamepad.cpp">
      <Filter>Fichiers sources</Filter>
    </ClCompile>
    <ClCompile Include="src\JoystickManager.cpp">
      <Filter>Fichiers sources</Filter>
    </ClCompile>
    <ClCompile Include="src\Keyboard.cpp">
      <Filter>Fichiers sources</Filter>
    </ClCompile>
    <ClCompile Include="src\Main.cpp">
      <Filter>Fichiers sources</Filter>
    </ClCompile>
    <ClCompile Include="src\Mesh.cpp">
      <Filter>Fichiers sources</Filter>
    </ClCompile>
    <ClCompile Include="src\Model.cpp">
      <Filter>Fichiers sources</Filter>
    </ClCompile>
    <ClCompile Include="src\Shader.cpp">
      <Filter>Fichiers sources</Filter>
    </ClCompile>
    <ClCompile Include="src\Skybox.cpp">
      <Filter>Fichiers sources</Filter>
    </ClCompile>
    <ClCompile Include="src\Terrain.cpp">
      <Filter>Fichiers sources</Filter>
    </ClCompile>
    <ClCompile Include="src\Texture.cpp">
      <Filter>Fichiers sources</Filter>
    </ClCompile>
    <ClCompile Include="src\VAO.cpp">
      <Filter>Fichiers sources</Filter>
    </ClCompile>
    <ClCompile Include="src\VBO.cpp">
      <Filter>Fichiers sources</Filter>
    </ClCompile>
    <ClCompile Include="src\World.cpp">
      <Filter>Fichiers sources</Filter>
    </ClCompile>
    <ClCompile Include="src\WorldEditorUI.cpp">
      <Filter>Fichiers sources</Filter>
    </ClCompile>
    <ClCompile Include="src\external\imgui\imgui.cpp">
      <Filter>Fichiers sources\external\imgui</Filter>
    </ClCompile>
    <ClCompile Include="src\external\imgui\imgui_demo.cpp">
      <Filter>Fichiers sources\external\imgui</Filter>
    </ClCompile>
    <ClCompile Include="src\external\imgui\imgui_draw.cpp">
      <Filter>Fichiers sources\external\imgui</Filter>
    </ClCompile>
    <ClCompile Include="src\external\imgui\imgui_impl_glfw.cpp">
      <Filter>Fichiers sources\external\imgui</Filter>
    </ClCompile>
    <ClCompile Include="src\external\imgui\imgui_impl_opengl3.cpp">
      <Filter>Fichiers sources\external\imgui</Filter>
    </ClCompile>
    <ClCompile Include="src\external\imgui\imgui_tables.cpp">
      <Filter>Fichiers sources\external\imgui</Filter>
    </ClCompile>
    <ClCompile Include="src\external\imgui\imgui_widgets.cpp">
      <Filter>Fichiers sources\external\imgui</Filter>
    </ClCompile>
    <ClCompile Include="src\external\glad.c">
      <Filter>Fichiers sources\external</Filter>
    </ClCompile>
    <ClCompile Include="src\external\stb.cpp">
      <Filter>Fichiers sources\external</Filter>
    </ClCompile>
  </ItemGroup>
  <ItemGroup>
    <ClInclude Include="src\BoundingBox.h">
      <Filter>Fichiers d%27en-tête</Filter>
    </ClInclude>
    <ClInclude Include="src\Camera.h">
      <Filter>Fichiers d%27en-tête</Filter>
    </ClInclude>
    <ClInclude Include="src\Car.h">
      <Filter>Fichiers d%27en-tête</Filter>
    </ClInclude>
    <ClInclude Include="src\EBO.h">
      <Filter>Fichiers d%27en-tête</Filter>
    </ClInclude>
    <ClInclude Include="src\Frustum.h">
      <Filter>Fichiers d%27en-tête</Filter>
    </ClInclude>
    <ClInclude Include="src\Gamepad.h">
      <Filter>Fichiers d%27en-tête</Filter>
    </ClInclude>
    <ClInclude Include="src\JoystickManager.h">
      <Filter>Fichiers d%27en-tête</Filter>
    </ClInclude>
    <ClInclude Include="src\Keyboard.h">
      <Filter>Fichiers d%27en-tête</Filter>
    </ClInclude>
    <ClInclude Include="src\MaterialColors.h">
      <Filter>Fichiers d%27en-tête</Filter>
    </ClInclude>
    <ClInclude Include="src\Mesh.h">
      <Filter>Fichiers d%27en-tête</Filter>
    </ClInclude>
    <ClInclude Include="src\Model.h">
      <Filter>Fichiers d%27en-tête</Filter>
    </ClInclude>
    <ClInclude Include="src\Shader.h">
      <Filter>Fichiers d%27en-tête</Filter>
    </ClInclude>
    <ClInclude Include="src\Skybox.h">
      <Filter>Fichiers d%27en-tête</Filter>
    </ClInclude>
    <ClInclude Include="src\Terrain.h">
      <Filter>Fichiers d%27en-tête</Filter>
    </ClInclude>
    <ClInclude Include="src\Texture.h">
      <Filter>Fichiers d%27en-tête</Filter>
    </ClInclude>
    <ClInclude Include="src\VAO.h">
      <Filter>Fichiers d%27en-tête</Filter>
    </ClInclude>
    <ClInclude Include="src\VBO.h">
      <Filter>Fichiers d%27en-tête</Filter>
    </ClInclude>
    <ClInclude Include="src\World.h">
      <Filter>Fichiers d%27en-tête</Filter>
    </ClInclude>
    <ClInclude Include="src\WorldEditorUI.h">
      <Filter>Fichiers d%27en-tête</Filter>
    </ClInclude>
  </ItemGroup>
  <ItemGroup>
    <None Include="assets\shaders\car.frag">
      <Filter>Fichiers de ressources\Shaders</Filter>
    </None>
    <None Include="assets\shaders\default.frag">
      <Filter>Fichiers de ressources\Shaders</Filter>
    </None>
    <None Include="assets\shaders\default.vert">
      <Filter>Fichiers de ressources\Shaders</Filter>
    </None>
    <None Include="assets\shaders\headlight.frag">
      <Filter>Fichiers de ressources\Shaders</Filter>
    </None>
    <None Include="assets\shaders\skybox.frag">
      <Filter>Fichiers de ressources\Shaders</Filter>
    </None>
    <None Include="assets\shaders\skybox.vert">
      <Filter>Fichiers de ressources\Shaders</Filter>
    </None>
    <None Include="assets\shaders\terrain.frag">
      <Filter>Fichiers de ressources\Shaders</Filter>
    </None>
    <None Include="assets\shaders\terrain.vert">
      <Filter>Fichiers de ressources\Shaders</Filter>
    </None>
    <None Include="assets\shaders\trail.frag">
      <Filter>Fichiers de ressources\Shaders</Filter>
    </None>
    <None Include="assets\shaders\trail.vert">
      <Filter>Fichiers de ressources\Shaders</Filter>
    </None>
    <None Include="assets\shaders\wireframe.frag">
      <Filter>Fichiers de ressources\Shaders</Filter>
    </None>
  </ItemGroup>
  <ItemGroup>
    <Image Include="assets\textures\terrain\heightmap.png">
      <Filter>Fichiers de ressources\Textures\terrain</Filter>
    </Image>
    <Image Include="assets\textures\skybox\jour\up.png">
      <Filter>Fichiers de ressources\Textures\skybox\jour</Filter>
    </Image>
    <Image Include="assets\textures\skybox\jour\back.png">
      <Filter>Fichiers de ressources\Textures\skybox\jour</Filter>
    </Image>
    <Image Include="assets\textures\skybox\jour\down.png">
      <Filter>Fichiers de ressources\Textures\skybox\jour</Filter>
    </Image>
    <Image Include="assets\textures\skybox\jour\front.png">
      <Filter>Fichiers de ressources\Textures\skybox\jour</Filter>
    </Image>
    <Image Include="assets\textures\skybox\jour\left.png">
      <Filter>Fichiers de ressources\Textures\skybox\jour</Filter>
    </Image>
    <Image Include="assets\textures\skybox\jour\right.png">
      <Filter>Fichiers de ressources\Textures\skybox\jour</Filter>
    </Image>
    <Image Include="assets\textures\skybox\nuit\up.png">
      <Filter>Fichiers de ressources\Textures\skybox\nuit</Filter>
    </Image>
    <Image Include="assets\textures\skybox\nuit\back.png">
      <Filter>Fichiers de ressources\Textures\skybox\nuit</Filter>
    </Image>
    <Image Include="assets\textures\skybox\nuit\down.png">
      <Filter>Fichiers de ressources\Textures\skybox\nuit</Filter>
    </Image>
    <Image Include="assets\textures\skybox\nuit\front.png">
      <Filter>Fichiers de ressources\Textures\skybox\nuit</Filter>
    </Image>
    <Image Include="assets\textures\skybox\nuit\left.png">
      <Filter>Fichiers de ressources\Textures\skybox\nuit</Filter>
    </Image>
    <Image Include="assets\textures\skybox\nuit\right.png">
      <Filter>Fichiers de ressources\Textures\skybox\nuit</Filter>
    </Image>
  </ItemGroup>
</Project>